
Microsoft Visual Studio Solution File, Format Version 12.00
# Visual Studio Version 17
VisualStudioVersion = 17.4.33205.214
MinimumVisualStudioVersion = 10.0.40219.1
Project("{2150E333-8FDC-42A3-9474-1A3956D46DE8}") = "Services", "Services", "{02B45F08-47AA-4D73-84FA-B5BF78F93C52}"
EndProject
Project("{2150E333-8FDC-42A3-9474-1A3956D46DE8}") = "Catalog", "Catalog", "{C4B91615-7836-41AE-A574-444898443FB4}"
EndProject
Project("{9A19103F-16F7-4668-BE54-9A1E7A4F7556}") = "Services.Catalog", "Services\Catalog\Services.Catalog\Services.Catalog.csproj", "{2E481F5B-7BD0-49D4-8BED-AD88177DD5A6}"
EndProject
Project("{2150E333-8FDC-42A3-9474-1A3956D46DE8}") = "Solution Items", "Solution Items", "{1104E39E-C988-4495-A279-8B875789435F}"
	ProjectSection(SolutionItems) = preProject
		Ports.txt = Ports.txt
	EndProjectSection
EndProject
Project("{2150E333-8FDC-42A3-9474-1A3956D46DE8}") = "Shared", "Shared", "{D8CB6E76-5C1F-489B-8510-138355C399FC}"
EndProject
Project("{9A19103F-16F7-4668-BE54-9A1E7A4F7556}") = "Shared", "Shared\Shared\Shared.csproj", "{A9EE3DDD-18B0-4354-9CC2-B2C60CB12672}"
EndProject
Project("{2150E333-8FDC-42A3-9474-1A3956D46DE8}") = "IdentityServer", "IdentityServer", "{D6E08730-A69C-47C6-96F3-B34C189FCEBB}"
EndProject
Project("{9A19103F-16F7-4668-BE54-9A1E7A4F7556}") = "IdentityServer", "IdentityServer\IdentityServer\IdentityServer.csproj", "{12B8C34E-6CD9-4CDE-BE4A-6712ADEB0C3D}"
EndProject
Project("{2150E333-8FDC-42A3-9474-1A3956D46DE8}") = "PhotoStock", "PhotoStock", "{FE0945BB-5F57-4E69-9223-5BC1264D5D10}"
EndProject
Project("{9A19103F-16F7-4668-BE54-9A1E7A4F7556}") = "Services.PhotoStock", "Services\PhotoStock\Services.PhotoStock\Services.PhotoStock.csproj", "{EDADF520-35A2-478F-8DB4-00B66B2766D0}"
EndProject
Project("{2150E333-8FDC-42A3-9474-1A3956D46DE8}") = "Basket", "Basket", "{C71F3127-5D80-45AC-A8DA-266A84071D26}"
EndProject
Project("{9A19103F-16F7-4668-BE54-9A1E7A4F7556}") = "Services.Basket", "Services\Basket\Services.Basket\Services.Basket.csproj", "{EBDD5B04-6FCD-435D-8AA1-19CA8772A6B9}"
EndProject
Project("{2150E333-8FDC-42A3-9474-1A3956D46DE8}") = "Discount", "Discount", "{818B9EB2-EFA0-4880-A90C-6170C0608AF3}"
EndProject
Project("{FAE04EC0-301F-11D3-BF4B-00C04F79EFBC}") = "Services.Discount", "Services\Discount\Services.Discount\Services.Discount.csproj", "{18CE1CB1-5756-4B1F-88E6-39A361741F84}"
EndProject
Project("{2150E333-8FDC-42A3-9474-1A3956D46DE8}") = "FakePayment", "FakePayment", "{CFCC32DB-1EF1-4E47-8CB2-DEE44BEB2B4D}"
EndProject
Project("{FAE04EC0-301F-11D3-BF4B-00C04F79EFBC}") = "Services.FakePayment", "Services\FakePayment\Services.FakePayment\Services.FakePayment.csproj", "{DD457A02-A3C8-44B7-AE6E-15052477D487}"
EndProject
Project("{2150E333-8FDC-42A3-9474-1A3956D46DE8}") = "Order", "Order", "{E903CE5C-12C4-445C-B179-FE4FF44BFEFD}"
EndProject
Project("{FAE04EC0-301F-11D3-BF4B-00C04F79EFBC}") = "Services.Order.API", "Services\Order\Services.Order.API\Services.Order.API.csproj", "{BB3A992B-6743-411B-B409-1AFBEF7CCC0A}"
EndProject
Project("{FAE04EC0-301F-11D3-BF4B-00C04F79EFBC}") = "Services.Order.Application", "Services\Order\Services.Order.Application\Services.Order.Application.csproj", "{AB4DA5FD-4EF8-4714-8CCF-963B0FD14B23}"
EndProject
Project("{FAE04EC0-301F-11D3-BF4B-00C04F79EFBC}") = "Services.Order.Domain", "Services\Order\Services.Order.Domain\Services.Order.Domain.csproj", "{F0111AD2-6737-4A29-A616-4823257231C8}"
EndProject
Project("{FAE04EC0-301F-11D3-BF4B-00C04F79EFBC}") = "Services.Order.Domain.Core", "Services\Order\Services.Order.Domain.Core\Services.Order.Domain.Core.csproj", "{4C418B56-1A0D-42C8-B8DB-90BD19E61A8A}"
EndProject
Project("{FAE04EC0-301F-11D3-BF4B-00C04F79EFBC}") = "Services.Order.Infrastructure", "Services\Order\Services.Order.Infrastructure\Services.Order.Infrastructure.csproj", "{6F083347-D162-4922-846F-DF0E29425BBE}"
EndProject
Global
	GlobalSection(SolutionConfigurationPlatforms) = preSolution
		Debug|Any CPU = Debug|Any CPU
		Release|Any CPU = Release|Any CPU
	EndGlobalSection
	GlobalSection(ProjectConfigurationPlatforms) = postSolution
		{2E481F5B-7BD0-49D4-8BED-AD88177DD5A6}.Debug|Any CPU.ActiveCfg = Debug|Any CPU
		{2E481F5B-7BD0-49D4-8BED-AD88177DD5A6}.Debug|Any CPU.Build.0 = Debug|Any CPU
		{2E481F5B-7BD0-49D4-8BED-AD88177DD5A6}.Release|Any CPU.ActiveCfg = Release|Any CPU
		{2E481F5B-7BD0-49D4-8BED-AD88177DD5A6}.Release|Any CPU.Build.0 = Release|Any CPU
		{A9EE3DDD-18B0-4354-9CC2-B2C60CB12672}.Debug|Any CPU.ActiveCfg = Debug|Any CPU
		{A9EE3DDD-18B0-4354-9CC2-B2C60CB12672}.Debug|Any CPU.Build.0 = Debug|Any CPU
		{A9EE3DDD-18B0-4354-9CC2-B2C60CB12672}.Release|Any CPU.ActiveCfg = Release|Any CPU
		{A9EE3DDD-18B0-4354-9CC2-B2C60CB12672}.Release|Any CPU.Build.0 = Release|Any CPU
		{12B8C34E-6CD9-4CDE-BE4A-6712ADEB0C3D}.Debug|Any CPU.ActiveCfg = Debug|Any CPU
		{12B8C34E-6CD9-4CDE-BE4A-6712ADEB0C3D}.Debug|Any CPU.Build.0 = Debug|Any CPU
		{12B8C34E-6CD9-4CDE-BE4A-6712ADEB0C3D}.Release|Any CPU.ActiveCfg = Release|Any CPU
		{12B8C34E-6CD9-4CDE-BE4A-6712ADEB0C3D}.Release|Any CPU.Build.0 = Release|Any CPU
		{EDADF520-35A2-478F-8DB4-00B66B2766D0}.Debug|Any CPU.ActiveCfg = Debug|Any CPU
		{EDADF520-35A2-478F-8DB4-00B66B2766D0}.Debug|Any CPU.Build.0 = Debug|Any CPU
		{EDADF520-35A2-478F-8DB4-00B66B2766D0}.Release|Any CPU.ActiveCfg = Release|Any CPU
		{EDADF520-35A2-478F-8DB4-00B66B2766D0}.Release|Any CPU.Build.0 = Release|Any CPU
		{EBDD5B04-6FCD-435D-8AA1-19CA8772A6B9}.Debug|Any CPU.ActiveCfg = Debug|Any CPU
		{EBDD5B04-6FCD-435D-8AA1-19CA8772A6B9}.Debug|Any CPU.Build.0 = Debug|Any CPU
		{EBDD5B04-6FCD-435D-8AA1-19CA8772A6B9}.Release|Any CPU.ActiveCfg = Release|Any CPU
		{EBDD5B04-6FCD-435D-8AA1-19CA8772A6B9}.Release|Any CPU.Build.0 = Release|Any CPU
		{18CE1CB1-5756-4B1F-88E6-39A361741F84}.Debug|Any CPU.ActiveCfg = Debug|Any CPU
		{18CE1CB1-5756-4B1F-88E6-39A361741F84}.Debug|Any CPU.Build.0 = Debug|Any CPU
		{18CE1CB1-5756-4B1F-88E6-39A361741F84}.Release|Any CPU.ActiveCfg = Release|Any CPU
		{18CE1CB1-5756-4B1F-88E6-39A361741F84}.Release|Any CPU.Build.0 = Release|Any CPU
		{DD457A02-A3C8-44B7-AE6E-15052477D487}.Debug|Any CPU.ActiveCfg = Debug|Any CPU
		{DD457A02-A3C8-44B7-AE6E-15052477D487}.Debug|Any CPU.Build.0 = Debug|Any CPU
		{DD457A02-A3C8-44B7-AE6E-15052477D487}.Release|Any CPU.ActiveCfg = Release|Any CPU
		{DD457A02-A3C8-44B7-AE6E-15052477D487}.Release|Any CPU.Build.0 = Release|Any CPU
		{BB3A992B-6743-411B-B409-1AFBEF7CCC0A}.Debug|Any CPU.ActiveCfg = Debug|Any CPU
		{BB3A992B-6743-411B-B409-1AFBEF7CCC0A}.Debug|Any CPU.Build.0 = Debug|Any CPU
		{BB3A992B-6743-411B-B409-1AFBEF7CCC0A}.Release|Any CPU.ActiveCfg = Release|Any CPU
		{BB3A992B-6743-411B-B409-1AFBEF7CCC0A}.Release|Any CPU.Build.0 = Release|Any CPU
		{AB4DA5FD-4EF8-4714-8CCF-963B0FD14B23}.Debug|Any CPU.ActiveCfg = Debug|Any CPU
		{AB4DA5FD-4EF8-4714-8CCF-963B0FD14B23}.Debug|Any CPU.Build.0 = Debug|Any CPU
		{AB4DA5FD-4EF8-4714-8CCF-963B0FD14B23}.Release|Any CPU.ActiveCfg = Release|Any CPU
		{AB4DA5FD-4EF8-4714-8CCF-963B0FD14B23}.Release|Any CPU.Build.0 = Release|Any CPU
		{F0111AD2-6737-4A29-A616-4823257231C8}.Debug|Any CPU.ActiveCfg = Debug|Any CPU
		{F0111AD2-6737-4A29-A616-4823257231C8}.Debug|Any CPU.Build.0 = Debug|Any CPU
		{F0111AD2-6737-4A29-A616-4823257231C8}.Release|Any CPU.ActiveCfg = Release|Any CPU
		{F0111AD2-6737-4A29-A616-4823257231C8}.Release|Any CPU.Build.0 = Release|Any CPU
		{4C418B56-1A0D-42C8-B8DB-90BD19E61A8A}.Debug|Any CPU.ActiveCfg = Debug|Any CPU
		{4C418B56-1A0D-42C8-B8DB-90BD19E61A8A}.Debug|Any CPU.Build.0 = Debug|Any CPU
		{4C418B56-1A0D-42C8-B8DB-90BD19E61A8A}.Release|Any CPU.ActiveCfg = Release|Any CPU
		{4C418B56-1A0D-42C8-B8DB-90BD19E61A8A}.Release|Any CPU.Build.0 = Release|Any CPU
		{6F083347-D162-4922-846F-DF0E29425BBE}.Debug|Any CPU.ActiveCfg = Debug|Any CPU
		{6F083347-D162-4922-846F-DF0E29425BBE}.Debug|Any CPU.Build.0 = Debug|Any CPU
		{6F083347-D162-4922-846F-DF0E29425BBE}.Release|Any CPU.ActiveCfg = Release|Any CPU
		{6F083347-D162-4922-846F-DF0E29425BBE}.Release|Any CPU.Build.0 = Release|Any CPU
	EndGlobalSection
	GlobalSection(SolutionProperties) = preSolution
		HideSolutionNode = FALSE
	EndGlobalSection
	GlobalSection(NestedProjects) = preSolution
		{C4B91615-7836-41AE-A574-444898443FB4} = {02B45F08-47AA-4D73-84FA-B5BF78F93C52}
		{2E481F5B-7BD0-49D4-8BED-AD88177DD5A6} = {C4B91615-7836-41AE-A574-444898443FB4}
		{A9EE3DDD-18B0-4354-9CC2-B2C60CB12672} = {D8CB6E76-5C1F-489B-8510-138355C399FC}
		{12B8C34E-6CD9-4CDE-BE4A-6712ADEB0C3D} = {D6E08730-A69C-47C6-96F3-B34C189FCEBB}
		{FE0945BB-5F57-4E69-9223-5BC1264D5D10} = {02B45F08-47AA-4D73-84FA-B5BF78F93C52}
		{EDADF520-35A2-478F-8DB4-00B66B2766D0} = {FE0945BB-5F57-4E69-9223-5BC1264D5D10}
		{C71F3127-5D80-45AC-A8DA-266A84071D26} = {02B45F08-47AA-4D73-84FA-B5BF78F93C52}
		{EBDD5B04-6FCD-435D-8AA1-19CA8772A6B9} = {C71F3127-5D80-45AC-A8DA-266A84071D26}
		{818B9EB2-EFA0-4880-A90C-6170C0608AF3} = {02B45F08-47AA-4D73-84FA-B5BF78F93C52}
		{18CE1CB1-5756-4B1F-88E6-39A361741F84} = {818B9EB2-EFA0-4880-A90C-6170C0608AF3}
		{CFCC32DB-1EF1-4E47-8CB2-DEE44BEB2B4D} = {02B45F08-47AA-4D73-84FA-B5BF78F93C52}
		{DD457A02-A3C8-44B7-AE6E-15052477D487} = {CFCC32DB-1EF1-4E47-8CB2-DEE44BEB2B4D}
		{E903CE5C-12C4-445C-B179-FE4FF44BFEFD} = {02B45F08-47AA-4D73-84FA-B5BF78F93C52}
		{BB3A992B-6743-411B-B409-1AFBEF7CCC0A} = {E903CE5C-12C4-445C-B179-FE4FF44BFEFD}
		{AB4DA5FD-4EF8-4714-8CCF-963B0FD14B23} = {E903CE5C-12C4-445C-B179-FE4FF44BFEFD}
		{F0111AD2-6737-4A29-A616-4823257231C8} = {E903CE5C-12C4-445C-B179-FE4FF44BFEFD}
		{4C418B56-1A0D-42C8-B8DB-90BD19E61A8A} = {E903CE5C-12C4-445C-B179-FE4FF44BFEFD}
		{6F083347-D162-4922-846F-DF0E29425BBE} = {E903CE5C-12C4-445C-B179-FE4FF44BFEFD}
	EndGlobalSection
	GlobalSection(ExtensibilityGlobals) = postSolution
		SolutionGuid = {96A22103-6CA4-4E67-A569-6E2148ACFD36}
	EndGlobalSection
EndGlobal
